
Microsoft Visual Studio Solution File, Format Version 12.00
Project("{FAE04EC0-301F-11D3-BF4B-00C04F79EFBC}") = "CalculatorApp1", "CalculatorApp1.csproj", "{F361AB2A-F917-4F60-BD34-570DA4FF67E5}"
EndProject
Global
	GlobalSection(SolutionConfigurationPlatforms) = preSolution
		Debug|Any CPU = Debug|Any CPU
		Release|Any CPU = Release|Any CPU
	EndGlobalSection
	GlobalSection(ProjectConfigurationPlatforms) = postSolution
		{F361AB2A-F917-4F60-BD34-570DA4FF67E5}.Debug|Any CPU.ActiveCfg = Debug|Any CPU
		{F361AB2A-F917-4F60-BD34-570DA4FF67E5}.Debug|Any CPU.Build.0 = Debug|Any CPU
		{F361AB2A-F917-4F60-BD34-570DA4FF67E5}.Release|Any CPU.ActiveCfg = Release|Any CPU
		{F361AB2A-F917-4F60-BD34-570DA4FF67E5}.Release|Any CPU.Build.0 = Release|Any CPU
	EndGlobalSection
EndGlobal
